
Microsoft Visual Studio Solution File, Format Version 12.00
# Visual Studio Version 17
VisualStudioVersion = 17.7.34031.279
MinimumVisualStudioVersion = 10.0.40219.1
Project("{FAE04EC0-301F-11D3-BF4B-00C04F79EFBC}") = "WebAPI", "WebAPI\WebAPI.csproj", "{A912E3E9-A262-4791-99F2-41258DF17FCA}"
EndProject
Project("{FAE04EC0-301F-11D3-BF4B-00C04F79EFBC}") = "Application", "Application\Application.csproj", "{45529456-2A33-4F6C-9DC6-9FB2CCFBEFE4}"
EndProject
Project("{FAE04EC0-301F-11D3-BF4B-00C04F79EFBC}") = "Domain", "Domain\Domain.csproj", "{9A51553B-7C72-490B-B15D-0E1EA55CD759}"
EndProject
Project("{FAE04EC0-301F-11D3-BF4B-00C04F79EFBC}") = "Infrastructure", "Infrastructure\Infrastructure.csproj", "{519BB53C-91A1-442D-BA6D-B011213E63C5}"
EndProject
Global
	GlobalSection(SolutionConfigurationPlatforms) = preSolution
		Debug|Any CPU = Debug|Any CPU
		Release|Any CPU = Release|Any CPU
	EndGlobalSection
	GlobalSection(ProjectConfigurationPlatforms) = postSolution
		{A912E3E9-A262-4791-99F2-41258DF17FCA}.Debug|Any CPU.ActiveCfg = Debug|Any CPU
		{A912E3E9-A262-4791-99F2-41258DF17FCA}.Debug|Any CPU.Build.0 = Debug|Any CPU
		{A912E3E9-A262-4791-99F2-41258DF17FCA}.Release|Any CPU.ActiveCfg = Release|Any CPU
		{A912E3E9-A262-4791-99F2-41258DF17FCA}.Release|Any CPU.Build.0 = Release|Any CPU
		{45529456-2A33-4F6C-9DC6-9FB2CCFBEFE4}.Debug|Any CPU.ActiveCfg = Debug|Any CPU
		{45529456-2A33-4F6C-9DC6-9FB2CCFBEFE4}.Debug|Any CPU.Build.0 = Debug|Any CPU
		{45529456-2A33-4F6C-9DC6-9FB2CCFBEFE4}.Release|Any CPU.ActiveCfg = Release|Any CPU
		{45529456-2A33-4F6C-9DC6-9FB2CCFBEFE4}.Release|Any CPU.Build.0 = Release|Any CPU
		{9A51553B-7C72-490B-B15D-0E1EA55CD759}.Debug|Any CPU.ActiveCfg = Debug|Any CPU
		{9A51553B-7C72-490B-B15D-0E1EA55CD759}.Debug|Any CPU.Build.0 = Debug|Any CPU
		{9A51553B-7C72-490B-B15D-0E1EA55CD759}.Release|Any CPU.ActiveCfg = Release|Any CPU
		{9A51553B-7C72-490B-B15D-0E1EA55CD759}.Release|Any CPU.Build.0 = Release|Any CPU
		{519BB53C-91A1-442D-BA6D-B011213E63C5}.Debug|Any CPU.ActiveCfg = Debug|Any CPU
		{519BB53C-91A1-442D-BA6D-B011213E63C5}.Debug|Any CPU.Build.0 = Debug|Any CPU
		{519BB53C-91A1-442D-BA6D-B011213E63C5}.Release|Any CPU.ActiveCfg = Release|Any CPU
		{519BB53C-91A1-442D-BA6D-B011213E63C5}.Release|Any CPU.Build.0 = Release|Any CPU
	EndGlobalSection
	GlobalSection(SolutionProperties) = preSolution
		HideSolutionNode = FALSE
	EndGlobalSection
	GlobalSection(ExtensibilityGlobals) = postSolution
		SolutionGuid = {6CBE35D3-89A9-48C9-83F8-3990D5EA447B}
	EndGlobalSection
EndGlobal
