
Microsoft Visual Studio Solution File, Format Version 12.00
# Visual Studio Version 17
VisualStudioVersion = 17.7.34031.279
MinimumVisualStudioVersion = 10.0.40219.1
Project("{9A19103F-16F7-4668-BE54-9A1E7A4F7556}") = "WebAPI", "WebAPI\WebAPI.csproj", "{A912E3E9-A262-4791-99F2-41258DF17FCA}"
EndProject
Project("{9A19103F-16F7-4668-BE54-9A1E7A4F7556}") = "Application", "Application\Application.csproj", "{45529456-2A33-4F6C-9DC6-9FB2CCFBEFE4}"
EndProject
Project("{9A19103F-16F7-4668-BE54-9A1E7A4F7556}") = "Domain", "Domain\Domain.csproj", "{9A51553B-7C72-490B-B15D-0E1EA55CD759}"
EndProject
Project("{9A19103F-16F7-4668-BE54-9A1E7A4F7556}") = "Infrastructure", "Infrastructure\Infrastructure.csproj", "{519BB53C-91A1-442D-BA6D-B011213E63C5}"
EndProject
Project("{9A19103F-16F7-4668-BE54-9A1E7A4F7556}") = "UnitTest", "UnitTest\UnitTest.csproj", "{45E434AC-3752-41E5-9369-51A3FF16F511}"
EndProject
Project("{2150E333-8FDC-42A3-9474-1A3956D46DE8}") = "Functions", "Functions", "{073D314C-05B9-4163-8F4D-D3C98941774C}"
EndProject
Project("{FAE04EC0-301F-11D3-BF4B-00C04F79EFBC}") = "HandleCreateUpdateClientFunction", "Functions\HandleCreateUpdateClientFunction\HandleCreateUpdateClientFunction.csproj", "{D94A747E-3590-4D8D-8F7A-4AABBABC5D1D}"
EndProject
Global
	GlobalSection(SolutionConfigurationPlatforms) = preSolution
		Debug|Any CPU = Debug|Any CPU
		Release|Any CPU = Release|Any CPU
	EndGlobalSection
	GlobalSection(ProjectConfigurationPlatforms) = postSolution
		{A912E3E9-A262-4791-99F2-41258DF17FCA}.Debug|Any CPU.ActiveCfg = Debug|Any CPU
		{A912E3E9-A262-4791-99F2-41258DF17FCA}.Debug|Any CPU.Build.0 = Debug|Any CPU
		{A912E3E9-A262-4791-99F2-41258DF17FCA}.Release|Any CPU.ActiveCfg = Release|Any CPU
		{A912E3E9-A262-4791-99F2-41258DF17FCA}.Release|Any CPU.Build.0 = Release|Any CPU
		{45529456-2A33-4F6C-9DC6-9FB2CCFBEFE4}.Debug|Any CPU.ActiveCfg = Debug|Any CPU
		{45529456-2A33-4F6C-9DC6-9FB2CCFBEFE4}.Debug|Any CPU.Build.0 = Debug|Any CPU
		{45529456-2A33-4F6C-9DC6-9FB2CCFBEFE4}.Release|Any CPU.ActiveCfg = Release|Any CPU
		{45529456-2A33-4F6C-9DC6-9FB2CCFBEFE4}.Release|Any CPU.Build.0 = Release|Any CPU
		{9A51553B-7C72-490B-B15D-0E1EA55CD759}.Debug|Any CPU.ActiveCfg = Debug|Any CPU
		{9A51553B-7C72-490B-B15D-0E1EA55CD759}.Debug|Any CPU.Build.0 = Debug|Any CPU
		{9A51553B-7C72-490B-B15D-0E1EA55CD759}.Release|Any CPU.ActiveCfg = Release|Any CPU
		{9A51553B-7C72-490B-B15D-0E1EA55CD759}.Release|Any CPU.Build.0 = Release|Any CPU
		{519BB53C-91A1-442D-BA6D-B011213E63C5}.Debug|Any CPU.ActiveCfg = Debug|Any CPU
		{519BB53C-91A1-442D-BA6D-B011213E63C5}.Debug|Any CPU.Build.0 = Debug|Any CPU
		{519BB53C-91A1-442D-BA6D-B011213E63C5}.Release|Any CPU.ActiveCfg = Release|Any CPU
		{519BB53C-91A1-442D-BA6D-B011213E63C5}.Release|Any CPU.Build.0 = Release|Any CPU
		{45E434AC-3752-41E5-9369-51A3FF16F511}.Debug|Any CPU.ActiveCfg = Debug|Any CPU
		{45E434AC-3752-41E5-9369-51A3FF16F511}.Debug|Any CPU.Build.0 = Debug|Any CPU
		{45E434AC-3752-41E5-9369-51A3FF16F511}.Release|Any CPU.ActiveCfg = Release|Any CPU
		{45E434AC-3752-41E5-9369-51A3FF16F511}.Release|Any CPU.Build.0 = Release|Any CPU
		{D94A747E-3590-4D8D-8F7A-4AABBABC5D1D}.Debug|Any CPU.ActiveCfg = Debug|Any CPU
		{D94A747E-3590-4D8D-8F7A-4AABBABC5D1D}.Debug|Any CPU.Build.0 = Debug|Any CPU
		{D94A747E-3590-4D8D-8F7A-4AABBABC5D1D}.Release|Any CPU.ActiveCfg = Release|Any CPU
		{D94A747E-3590-4D8D-8F7A-4AABBABC5D1D}.Release|Any CPU.Build.0 = Release|Any CPU
	EndGlobalSection
	GlobalSection(SolutionProperties) = preSolution
		HideSolutionNode = FALSE
	EndGlobalSection
	GlobalSection(NestedProjects) = preSolution
		{D94A747E-3590-4D8D-8F7A-4AABBABC5D1D} = {073D314C-05B9-4163-8F4D-D3C98941774C}
	EndGlobalSection
	GlobalSection(ExtensibilityGlobals) = postSolution
		SolutionGuid = {6CBE35D3-89A9-48C9-83F8-3990D5EA447B}
	EndGlobalSection
EndGlobal
